
Microsoft Visual Studio Solution File, Format Version 12.00
# Visual Studio Version 17
VisualStudioVersion = 17.8.34322.80
MinimumVisualStudioVersion = 10.0.40219.1
Project("{9092AA53-FB77-4645-B42D-1CCCA6BD08BD}") = "ParkingJS.Server", "ParkingJS\ParkingJS.Server.njsproj", "{92BF2C01-6E50-40EC-853F-10AC98D90A88}"
EndProject
Project("{54A90642-561A-4BB1-A94E-469ADEE60C69}") = "ParkingJS.Client", "ParkingJS.Client\ParkingJS.Client.esproj", "{ABF36107-6C21-474D-B206-BF0980C2BBBF}"
EndProject
Global
	GlobalSection(SolutionConfigurationPlatforms) = preSolution
		Debug|Any CPU = Debug|Any CPU
		Release|Any CPU = Release|Any CPU
	EndGlobalSection
	GlobalSection(ProjectConfigurationPlatforms) = postSolution
		{92BF2C01-6E50-40EC-853F-10AC98D90A88}.Debug|Any CPU.ActiveCfg = Debug|Any CPU
		{92BF2C01-6E50-40EC-853F-10AC98D90A88}.Debug|Any CPU.Build.0 = Debug|Any CPU
		{92BF2C01-6E50-40EC-853F-10AC98D90A88}.Release|Any CPU.ActiveCfg = Release|Any CPU
		{92BF2C01-6E50-40EC-853F-10AC98D90A88}.Release|Any CPU.Build.0 = Release|Any CPU
		{ABF36107-6C21-474D-B206-BF0980C2BBBF}.Debug|Any CPU.ActiveCfg = Debug|Any CPU
		{ABF36107-6C21-474D-B206-BF0980C2BBBF}.Debug|Any CPU.Build.0 = Debug|Any CPU
		{ABF36107-6C21-474D-B206-BF0980C2BBBF}.Debug|Any CPU.Deploy.0 = Debug|Any CPU
		{ABF36107-6C21-474D-B206-BF0980C2BBBF}.Release|Any CPU.ActiveCfg = Release|Any CPU
		{ABF36107-6C21-474D-B206-BF0980C2BBBF}.Release|Any CPU.Build.0 = Release|Any CPU
		{ABF36107-6C21-474D-B206-BF0980C2BBBF}.Release|Any CPU.Deploy.0 = Release|Any CPU
	EndGlobalSection
	GlobalSection(SolutionProperties) = preSolution
		HideSolutionNode = FALSE
	EndGlobalSection
	GlobalSection(ExtensibilityGlobals) = postSolution
		SolutionGuid = {C214768C-824F-4C0C-A934-650A400518C5}
	EndGlobalSection
EndGlobal
